# THIS IS AN AUTOGENERATED FILE. DO NOT EDIT THIS FILE DIRECTLY.
# yarn lockfile v1


"@types/node@^12.18.3":
  version "12.20.40"
  resolved "https://registry.yarnpkg.com/@types/node/-/node-12.20.40.tgz#5f4345ac29efe3ad490127f3b69884e7d22743ee"
  integrity sha512-RX6hFa0hxkFuktu5629zJEkWK5e0HreW4vpNSLn4nWkOui7CTGCjtKiKpvtZ4QwCZ2Am5uhrb5ULHKNyunYYqg==

"@types/pako@^1.0.2":
  version "1.0.3"
  resolved "https://registry.yarnpkg.com/@types/pako/-/pako-1.0.3.tgz#2e61c2b02020b5f44e2e5e946dfac74f4ec33c58"
  integrity sha512-EDxOsHAD5dqjbjEUM1xwa7rpKPFb8ECBE5irONTQU7/OsO3thI5YrNEWSPNMvYmvFM0l/OLQJ6Mgw7PEdXSjhg==

buffer-from@^1.0.0:
  version "1.1.2"
  resolved "https://registry.yarnpkg.com/buffer-from/-/buffer-from-1.1.2.tgz#2b146a6fd72e80b4f55d255f35ed59a3a9a41bd5"
  integrity sha512-E+XQCRwSbaaiChtv6k6Dwgc+bx+Bs6vuKJHHl5kox/BaKbhiXzqQOwK4cO22yElGp2OCmjwVhT3HmxgyPGnJfQ==

commander@^2.20.0:
  version "2.20.3"
  resolved "https://registry.yarnpkg.com/commander/-/commander-2.20.3.tgz#fd485e84c03eb4881c20722ba48035e8531aeb33"
  integrity sha512-GpVkmM8vF2vQUkj2LvZmD35JxeJOLCwJ9cUkugyk2nuhbv3+mJvpLYYt+0+USMxE+oj+ey/lJEnhZw75x/OMcQ==

fast-png@6.1.0:
  version "6.1.0"
  resolved "https://registry.yarnpkg.com/fast-png/-/fast-png-6.1.0.tgz#c0abd3015346e16752acbe4ea74f1f0170b55b9e"
  integrity sha512-v8e/40RKZbE1mALigoqBOkYnemCVSMmVlGSz8fawZAZg5UQ9OZeR00L++CPvrhIGm2F6TxV5u9lbWD0oOJHcCw==
  dependencies:
    "@types/pako" "^1.0.2"
    iobuffer "^5.0.4"
    pako "^2.0.4"

iobuffer@^5.0.4:
  version "5.1.0"
  resolved "https://registry.yarnpkg.com/iobuffer/-/iobuffer-5.1.0.tgz#5a8baf7bf46c7c6b34a4652075bcf7ccee8a5e08"
  integrity sha512-2BYQoYadP3FkVPfqGxs4WO6z3HWGZokJfIkgOARn4P4ipVQCHJnPyva7rJLVmnRA7XTk8ZoLwutuutGeMpu3PA==

jpeg-js@0.4.3:
  version "0.4.3"
  resolved "https://registry.yarnpkg.com/jpeg-js/-/jpeg-js-0.4.3.tgz#6158e09f1983ad773813704be80680550eff977b"
  integrity sha512-ru1HWKek8octvUHFHvE5ZzQ1yAsJmIvRdGWvSoKV52XKyuyYA437QWDttXT8eZXDSbuMpHlLzPDZUPd6idIz+Q==

pako@^2.0.4:
  version "2.0.4"
  resolved "https://registry.yarnpkg.com/pako/-/pako-2.0.4.tgz#6cebc4bbb0b6c73b0d5b8d7e8476e2b2fbea576d"
  integrity sha512-v8tweI900AUkZN6heMU/4Uy4cXRc2AYNRggVmTR+dEncawDJgCdLMximOVA2p4qO57WMynangsfGRb5WD6L1Bg==

pixel-buffer-diff@1.3.1:
  version "1.3.1"
  resolved "https://registry.yarnpkg.com/pixel-buffer-diff/-/pixel-buffer-diff-1.3.1.tgz#f67c978e484d5d5fc35df1adc9bd329f2d471eba"
  integrity sha512-EnshrLAEUFeQhcgCKLdJNMdh3wbiNcnTuUdYN08o0Mko1DewwWfnZAjlBDylzF0KAPh5+qUzWZG3j/k6NpUcYg==

prettier@^2.1.2:
  version "2.5.1"
  resolved "https://registry.yarnpkg.com/prettier/-/prettier-2.5.1.tgz#fff75fa9d519c54cf0fce328c1017d94546bc56a"
  integrity sha512-vBZcPRUR5MZJwoyi3ZoyQlc1rXeEck8KgeC9AwwOn+exuxLxq5toTRDTSaVrXHxelDMHy9zlicw8u66yxoSUFg==

source-map-support@~0.5.20:
  version "0.5.21"
  resolved "https://registry.yarnpkg.com/source-map-support/-/source-map-support-0.5.21.tgz#04fe7c7f9e1ed2d662233c28cb2b35b9f63f6e4f"
  integrity sha512-uBHU3L3czsIyYXKX88fdrGovxdSCoTGDRZ6SYXtSRxLZUzHg5P/66Ht6uoUlHu9EZod+inXhKo3qQgwXUT/y1w==
  dependencies:
    buffer-from "^1.0.0"
    source-map "^0.6.0"

source-map@^0.6.0:
  version "0.6.1"
  resolved "https://registry.yarnpkg.com/source-map/-/source-map-0.6.1.tgz#74722af32e9614e9c287a8d0bbde48b5e2f1a263"
  integrity sha512-UjgapumWlbMhkBgzT7Ykc5YXUT46F0iKu8SGXq0bcwP5dz/h0Plj6enJqjz1Zbq2l5WaqYnrVbwWOWMyF3F47g==

source-map@~0.7.2:
  version "0.7.3"
  resolved "https://registry.yarnpkg.com/source-map/-/source-map-0.7.3.tgz#5302f8169031735226544092e64981f751750383"
  integrity sha512-CkCj6giN3S+n9qrYiBTX5gystlENnRW5jZeNLHpe6aue+SrHcG5VYwujhW9s4dY31mEGsxBDrHR6oI69fTXsaQ==

terser@5.9.0:
  version "5.9.0"
  resolved "https://registry.yarnpkg.com/terser/-/terser-5.9.0.tgz#47d6e629a522963240f2b55fcaa3c99083d2c351"
  integrity sha512-h5hxa23sCdpzcye/7b8YqbE5OwKca/ni0RQz1uRX3tGh8haaGHqcuSqbGRybuAKNdntZ0mDgFNXPJ48xQ2RXKQ==
  dependencies:
    commander "^2.20.0"
    source-map "~0.7.2"
    source-map-support "~0.5.20"

typescript@4.4.3:
  version "4.4.3"
  resolved "https://registry.yarnpkg.com/typescript/-/typescript-4.4.3.tgz#bdc5407caa2b109efd4f82fe130656f977a29324"
  integrity sha512-4xfscpisVgqqDfPaJo5vkd+Qd/ItkoagnHpufr+i2QCHBsNYp+G7UAoyFl8aPtx879u38wPV65rZ8qbGZijalA==
